// !$*UTF8*$!
{
	archiveVersion = 1;
	classes = {
	};
	objectVersion = 46;
	objects = {

/* Begin PBXBuildFile section */
		37437E731F45731900E60BB6 /* AppDelegate.swift in Sources */ = {isa = PBXBuildFile; fileRef = 37437E721F45731900E60BB6 /* AppDelegate.swift */; };
		37437E751F45731900E60BB6 /* FirstViewController.swift in Sources */ = {isa = PBXBuildFile; fileRef = 37437E741F45731900E60BB6 /* FirstViewController.swift */; };
		37437E771F45731900E60BB6 /* SecondViewController.swift in Sources */ = {isa = PBXBuildFile; fileRef = 37437E761F45731900E60BB6 /* SecondViewController.swift */; };
		37437E7A1F45731900E60BB6 /* Main.storyboard in Resources */ = {isa = PBXBuildFile; fileRef = 37437E781F45731900E60BB6 /* Main.storyboard */; };
		37437E7C1F45731900E60BB6 /* Assets.xcassets in Resources */ = {isa = PBXBuildFile; fileRef = 37437E7B1F45731900E60BB6 /* Assets.xcassets */; };
		37437E7F1F45731900E60BB6 /* LaunchScreen.storyboard in Resources */ = {isa = PBXBuildFile; fileRef = 37437E7D1F45731900E60BB6 /* LaunchScreen.storyboard */; };
		37437E8A1F45731900E60BB6 /* SYSUJwxtTests.swift in Sources */ = {isa = PBXBuildFile; fileRef = 37437E891F45731900E60BB6 /* SYSUJwxtTests.swift */; };
		37437E951F45755C00E60BB6 /* JwxtApiClient.swift in Sources */ = {isa = PBXBuildFile; fileRef = 37437E941F45755C00E60BB6 /* JwxtApiClient.swift */; };
		37437E971F457E2B00E60BB6 /* Course.swift in Sources */ = {isa = PBXBuildFile; fileRef = 37437E961F457E2B00E60BB6 /* Course.swift */; };
		37437E991F45883600E60BB6 /* LoginViewController.swift in Sources */ = {isa = PBXBuildFile; fileRef = 37437E981F45883600E60BB6 /* LoginViewController.swift */; };
		37437E9B1F46DF5A00E60BB6 /* CourseTableViewCell.swift in Sources */ = {isa = PBXBuildFile; fileRef = 37437E9A1F46DF5A00E60BB6 /* CourseTableViewCell.swift */; };
		9C3AD3DD39EBC3671008E11C /* Pods_SYSUJwxt.framework in Frameworks */ = {isa = PBXBuildFile; fileRef = A6F04DC217E695ED310F937F /* Pods_SYSUJwxt.framework */; };
		DA66415702A00A8187A36665 /* Pods_SYSUJwxtTests.framework in Frameworks */ = {isa = PBXBuildFile; fileRef = 14AB2205F0CCDDE8E223A263 /* Pods_SYSUJwxtTests.framework */; };
/* End PBXBuildFile section */

/* Begin PBXContainerItemProxy section */
		37437E861F45731900E60BB6 /* PBXContainerItemProxy */ = {
			isa = PBXContainerItemProxy;
			containerPortal = 37437E671F45731900E60BB6 /* Project object */;
			proxyType = 1;
			remoteGlobalIDString = 37437E6E1F45731900E60BB6;
			remoteInfo = SYSUJwxt;
		};
/* End PBXContainerItemProxy section */

/* Begin PBXFileReference section */
		14AB2205F0CCDDE8E223A263 /* Pods_SYSUJwxtTests.framework */ = {isa = PBXFileReference; explicitFileType = wrapper.framework; includeInIndex = 0; path = Pods_SYSUJwxtTests.framework; sourceTree = BUILT_PRODUCTS_DIR; };
		37437E6F1F45731900E60BB6 /* SYSUJwxt.app */ = {isa = PBXFileReference; explicitFileType = wrapper.application; includeInIndex = 0; path = SYSUJwxt.app; sourceTree = BUILT_PRODUCTS_DIR; };
		37437E721F45731900E60BB6 /* AppDelegate.swift */ = {isa = PBXFileReference; lastKnownFileType = sourcecode.swift; path = AppDelegate.swift; sourceTree = "<group>"; };
		37437E741F45731900E60BB6 /* FirstViewController.swift */ = {isa = PBXFileReference; lastKnownFileType = sourcecode.swift; path = FirstViewController.swift; sourceTree = "<group>"; };
		37437E761F45731900E60BB6 /* SecondViewController.swift */ = {isa = PBXFileReference; lastKnownFileType = sourcecode.swift; path = SecondViewController.swift; sourceTree = "<group>"; };
		37437E791F45731900E60BB6 /* Base */ = {isa = PBXFileReference; lastKnownFileType = file.storyboard; name = Base; path = Base.lproj/Main.storyboard; sourceTree = "<group>"; };
		37437E7B1F45731900E60BB6 /* Assets.xcassets */ = {isa = PBXFileReference; lastKnownFileType = folder.assetcatalog; path = Assets.xcassets; sourceTree = "<group>"; };
		37437E7E1F45731900E60BB6 /* Base */ = {isa = PBXFileReference; lastKnownFileType = file.storyboard; name = Base; path = Base.lproj/LaunchScreen.storyboard; sourceTree = "<group>"; };
		37437E801F45731900E60BB6 /* Info.plist */ = {isa = PBXFileReference; lastKnownFileType = text.plist.xml; path = Info.plist; sourceTree = "<group>"; };
		37437E851F45731900E60BB6 /* SYSUJwxtTests.xctest */ = {isa = PBXFileReference; explicitFileType = wrapper.cfbundle; includeInIndex = 0; path = SYSUJwxtTests.xctest; sourceTree = BUILT_PRODUCTS_DIR; };
		37437E891F45731900E60BB6 /* SYSUJwxtTests.swift */ = {isa = PBXFileReference; lastKnownFileType = sourcecode.swift; path = SYSUJwxtTests.swift; sourceTree = "<group>"; };
		37437E8B1F45731900E60BB6 /* Info.plist */ = {isa = PBXFileReference; lastKnownFileType = text.plist.xml; path = Info.plist; sourceTree = "<group>"; };
		37437E941F45755C00E60BB6 /* JwxtApiClient.swift */ = {isa = PBXFileReference; fileEncoding = 4; lastKnownFileType = sourcecode.swift; path = JwxtApiClient.swift; sourceTree = "<group>"; };
		37437E961F457E2B00E60BB6 /* Course.swift */ = {isa = PBXFileReference; fileEncoding = 4; lastKnownFileType = sourcecode.swift; path = Course.swift; sourceTree = "<group>"; };
		37437E981F45883600E60BB6 /* LoginViewController.swift */ = {isa = PBXFileReference; fileEncoding = 4; lastKnownFileType = sourcecode.swift; path = LoginViewController.swift; sourceTree = "<group>"; };
		37437E9A1F46DF5A00E60BB6 /* CourseTableViewCell.swift */ = {isa = PBXFileReference; fileEncoding = 4; lastKnownFileType = sourcecode.swift; path = CourseTableViewCell.swift; sourceTree = "<group>"; };
		839F677C4E17E37A0A9C5CA3 /* Pods-SYSUJwxtTests.release.xcconfig */ = {isa = PBXFileReference; includeInIndex = 1; lastKnownFileType = text.xcconfig; name = "Pods-SYSUJwxtTests.release.xcconfig"; path = "Pods/Target Support Files/Pods-SYSUJwxtTests/Pods-SYSUJwxtTests.release.xcconfig"; sourceTree = "<group>"; };
		8899B47F795DBCE47CA5D79E /* Pods-SYSUJwxt.debug.xcconfig */ = {isa = PBXFileReference; includeInIndex = 1; lastKnownFileType = text.xcconfig; name = "Pods-SYSUJwxt.debug.xcconfig"; path = "Pods/Target Support Files/Pods-SYSUJwxt/Pods-SYSUJwxt.debug.xcconfig"; sourceTree = "<group>"; };
		9421CEAFCBA497AC77038348 /* Pods-SYSUJwxt.release.xcconfig */ = {isa = PBXFileReference; includeInIndex = 1; lastKnownFileType = text.xcconfig; name = "Pods-SYSUJwxt.release.xcconfig"; path = "Pods/Target Support Files/Pods-SYSUJwxt/Pods-SYSUJwxt.release.xcconfig"; sourceTree = "<group>"; };
		A6F04DC217E695ED310F937F /* Pods_SYSUJwxt.framework */ = {isa = PBXFileReference; explicitFileType = wrapper.framework; includeInIndex = 0; path = Pods_SYSUJwxt.framework; sourceTree = BUILT_PRODUCTS_DIR; };
		BF8F73B1250B95DB0A26E3DC /* Pods-SYSUJwxtTests.debug.xcconfig */ = {isa = PBXFileReference; includeInIndex = 1; lastKnownFileType = text.xcconfig; name = "Pods-SYSUJwxtTests.debug.xcconfig"; path = "Pods/Target Support Files/Pods-SYSUJwxtTests/Pods-SYSUJwxtTests.debug.xcconfig"; sourceTree = "<group>"; };
/* End PBXFileReference section */

/* Begin PBXFrameworksBuildPhase section */
		37437E6C1F45731900E60BB6 /* Frameworks */ = {
			isa = PBXFrameworksBuildPhase;
			buildActionMask = 2147483647;
			files = (
				9C3AD3DD39EBC3671008E11C /* Pods_SYSUJwxt.framework in Frameworks */,
			);
			runOnlyForDeploymentPostprocessing = 0;
		};
		37437E821F45731900E60BB6 /* Frameworks */ = {
			isa = PBXFrameworksBuildPhase;
			buildActionMask = 2147483647;
			files = (
				DA66415702A00A8187A36665 /* Pods_SYSUJwxtTests.framework in Frameworks */,
			);
			runOnlyForDeploymentPostprocessing = 0;
		};
/* End PBXFrameworksBuildPhase section */

/* Begin PBXGroup section */
		37437E661F45731900E60BB6 = {
			isa = PBXGroup;
			children = (
				37437E711F45731900E60BB6 /* SYSUJwxt */,
				37437E881F45731900E60BB6 /* SYSUJwxtTests */,
				37437E701F45731900E60BB6 /* Products */,
				9E5FFC2EFD9D99CAD0B7EF3A /* Pods */,
				A8D42549C08FEB24B5C633E7 /* Frameworks */,
			);
			sourceTree = "<group>";
		};
		37437E701F45731900E60BB6 /* Products */ = {
			isa = PBXGroup;
			children = (
				37437E6F1F45731900E60BB6 /* SYSUJwxt.app */,
				37437E851F45731900E60BB6 /* SYSUJwxtTests.xctest */,
			);
			name = Products;
			sourceTree = "<group>";
		};
		37437E711F45731900E60BB6 /* SYSUJwxt */ = {
			isa = PBXGroup;
			children = (
				37437E721F45731900E60BB6 /* AppDelegate.swift */,
				37437E741F45731900E60BB6 /* FirstViewController.swift */,
				37437E9A1F46DF5A00E60BB6 /* CourseTableViewCell.swift */,
				37437E761F45731900E60BB6 /* SecondViewController.swift */,
				37437E781F45731900E60BB6 /* Main.storyboard */,
				37437E7B1F45731900E60BB6 /* Assets.xcassets */,
				37437E7D1F45731900E60BB6 /* LaunchScreen.storyboard */,
				37437E801F45731900E60BB6 /* Info.plist */,
				37437E941F45755C00E60BB6 /* JwxtApiClient.swift */,
				37437E961F457E2B00E60BB6 /* Course.swift */,
				37437E981F45883600E60BB6 /* LoginViewController.swift */,
			);
			path = SYSUJwxt;
			sourceTree = "<group>";
		};
		37437E881F45731900E60BB6 /* SYSUJwxtTests */ = {
			isa = PBXGroup;
			children = (
				37437E891F45731900E60BB6 /* SYSUJwxtTests.swift */,
				37437E8B1F45731900E60BB6 /* Info.plist */,
			);
			path = SYSUJwxtTests;
			sourceTree = "<group>";
		};
		9E5FFC2EFD9D99CAD0B7EF3A /* Pods */ = {
			isa = PBXGroup;
			children = (
				8899B47F795DBCE47CA5D79E /* Pods-SYSUJwxt.debug.xcconfig */,
				9421CEAFCBA497AC77038348 /* Pods-SYSUJwxt.release.xcconfig */,
				BF8F73B1250B95DB0A26E3DC /* Pods-SYSUJwxtTests.debug.xcconfig */,
				839F677C4E17E37A0A9C5CA3 /* Pods-SYSUJwxtTests.release.xcconfig */,
			);
			name = Pods;
			sourceTree = "<group>";
		};
		A8D42549C08FEB24B5C633E7 /* Frameworks */ = {
			isa = PBXGroup;
			children = (
				A6F04DC217E695ED310F937F /* Pods_SYSUJwxt.framework */,
				14AB2205F0CCDDE8E223A263 /* Pods_SYSUJwxtTests.framework */,
			);
			name = Frameworks;
			sourceTree = "<group>";
		};
/* End PBXGroup section */

/* Begin PBXNativeTarget section */
		37437E6E1F45731900E60BB6 /* SYSUJwxt */ = {
			isa = PBXNativeTarget;
			buildConfigurationList = 37437E8E1F45731900E60BB6 /* Build configuration list for PBXNativeTarget "SYSUJwxt" */;
			buildPhases = (
				73011812E9B57E751B356553 /* [CP] Check Pods Manifest.lock */,
				37437E6B1F45731900E60BB6 /* Sources */,
				37437E6C1F45731900E60BB6 /* Frameworks */,
				37437E6D1F45731900E60BB6 /* Resources */,
				7C215FCD1670F15B296947D8 /* [CP] Embed Pods Frameworks */,
				7EBD281CB2CE4AA2489C15BE /* [CP] Copy Pods Resources */,
			);
			buildRules = (
			);
			dependencies = (
			);
			name = SYSUJwxt;
			productName = SYSUJwxt;
			productReference = 37437E6F1F45731900E60BB6 /* SYSUJwxt.app */;
			productType = "com.apple.product-type.application";
		};
		37437E841F45731900E60BB6 /* SYSUJwxtTests */ = {
			isa = PBXNativeTarget;
			buildConfigurationList = 37437E911F45731900E60BB6 /* Build configuration list for PBXNativeTarget "SYSUJwxtTests" */;
			buildPhases = (
				EA729C835A9AAF4F6DBA3331 /* [CP] Check Pods Manifest.lock */,
				37437E811F45731900E60BB6 /* Sources */,
				37437E821F45731900E60BB6 /* Frameworks */,
				37437E831F45731900E60BB6 /* Resources */,
				B720A9AF5BBD3D476EEED06E /* [CP] Embed Pods Frameworks */,
				48E4D111ACA668DBE457C7E5 /* [CP] Copy Pods Resources */,
			);
			buildRules = (
			);
			dependencies = (
				37437E871F45731900E60BB6 /* PBXTargetDependency */,
			);
			name = SYSUJwxtTests;
			productName = SYSUJwxtTests;
			productReference = 37437E851F45731900E60BB6 /* SYSUJwxtTests.xctest */;
			productType = "com.apple.product-type.bundle.unit-test";
		};
/* End PBXNativeTarget section */

/* Begin PBXProject section */
		37437E671F45731900E60BB6 /* Project object */ = {
			isa = PBXProject;
			attributes = {
				LastSwiftUpdateCheck = 0830;
				LastUpgradeCheck = 0830;
				ORGANIZATIONNAME = benwwchen;
				TargetAttributes = {
					37437E6E1F45731900E60BB6 = {
						CreatedOnToolsVersion = 8.3.3;
						DevelopmentTeam = L28682ZS4N;
						ProvisioningStyle = Automatic;
					};
					37437E841F45731900E60BB6 = {
						CreatedOnToolsVersion = 8.3.3;
						DevelopmentTeam = L28682ZS4N;
						ProvisioningStyle = Automatic;
						TestTargetID = 37437E6E1F45731900E60BB6;
					};
				};
			};
			buildConfigurationList = 37437E6A1F45731900E60BB6 /* Build configuration list for PBXProject "SYSUJwxt" */;
			compatibilityVersion = "Xcode 3.2";
			developmentRegion = English;
			hasScannedForEncodings = 0;
			knownRegions = (
				en,
				Base,
			);
			mainGroup = 37437E661F45731900E60BB6;
			productRefGroup = 37437E701F45731900E60BB6 /* Products */;
			projectDirPath = "";
			projectRoot = "";
			targets = (
				37437E6E1F45731900E60BB6 /* SYSUJwxt */,
				37437E841F45731900E60BB6 /* SYSUJwxtTests */,
			);
		};
/* End PBXProject section */

/* Begin PBXResourcesBuildPhase section */
		37437E6D1F45731900E60BB6 /* Resources */ = {
			isa = PBXResourcesBuildPhase;
			buildActionMask = 2147483647;
			files = (
				37437E7F1F45731900E60BB6 /* LaunchScreen.storyboard in Resources */,
				37437E7C1F45731900E60BB6 /* Assets.xcassets in Resources */,
				37437E7A1F45731900E60BB6 /* Main.storyboard in Resources */,
			);
			runOnlyForDeploymentPostprocessing = 0;
		};
		37437E831F45731900E60BB6 /* Resources */ = {
			isa = PBXResourcesBuildPhase;
			buildActionMask = 2147483647;
			files = (
			);
			runOnlyForDeploymentPostprocessing = 0;
		};
/* End PBXResourcesBuildPhase section */

/* Begin PBXShellScriptBuildPhase section */
		48E4D111ACA668DBE457C7E5 /* [CP] Copy Pods Resources */ = {
			isa = PBXShellScriptBuildPhase;
			buildActionMask = 2147483647;
			files = (
			);
			inputPaths = (
			);
			name = "[CP] Copy Pods Resources";
			outputPaths = (
			);
			runOnlyForDeploymentPostprocessing = 0;
			shellPath = /bin/sh;
			shellScript = "\"${SRCROOT}/Pods/Target Support Files/Pods-SYSUJwxtTests/Pods-SYSUJwxtTests-resources.sh\"\n";
			showEnvVarsInLog = 0;
		};
		73011812E9B57E751B356553 /* [CP] Check Pods Manifest.lock */ = {
			isa = PBXShellScriptBuildPhase;
			buildActionMask = 2147483647;
			files = (
			);
			inputPaths = (
				"${PODS_PODFILE_DIR_PATH}/Podfile.lock",
				"${PODS_ROOT}/Manifest.lock",
			);
			name = "[CP] Check Pods Manifest.lock";
			outputPaths = (
				"$(DERIVED_FILE_DIR)/Pods-SYSUJwxt-checkManifestLockResult.txt",
			);
			runOnlyForDeploymentPostprocessing = 0;
			shellPath = /bin/sh;
			shellScript = "diff \"${PODS_PODFILE_DIR_PATH}/Podfile.lock\" \"${PODS_ROOT}/Manifest.lock\" > /dev/null\nif [ $? != 0 ] ; then\n    # print error to STDERR\n    echo \"error: The sandbox is not in sync with the Podfile.lock. Run 'pod install' or update your CocoaPods installation.\" >&2\n    exit 1\nfi\n# This output is used by Xcode 'outputs' to avoid re-running this script phase.\necho \"SUCCESS\" > \"${SCRIPT_OUTPUT_FILE_0}\"\n";
			showEnvVarsInLog = 0;
		};
		7C215FCD1670F15B296947D8 /* [CP] Embed Pods Frameworks */ = {
			isa = PBXShellScriptBuildPhase;
			buildActionMask = 2147483647;
			files = (
			);
			inputPaths = (
				"${SRCROOT}/Pods/Target Support Files/Pods-SYSUJwxt/Pods-SYSUJwxt-frameworks.sh",
				"${BUILT_PRODUCTS_DIR}/Kanna/Kanna.framework",
			);
			name = "[CP] Embed Pods Frameworks";
			outputPaths = (
				"${TARGET_BUILD_DIR}/${FRAMEWORKS_FOLDER_PATH}/Kanna.framework",
			);
			runOnlyForDeploymentPostprocessing = 0;
			shellPath = /bin/sh;
			shellScript = "\"${SRCROOT}/Pods/Target Support Files/Pods-SYSUJwxt/Pods-SYSUJwxt-frameworks.sh\"\n";
			showEnvVarsInLog = 0;
		};
		7EBD281CB2CE4AA2489C15BE /* [CP] Copy Pods Resources */ = {
			isa = PBXShellScriptBuildPhase;
			buildActionMask = 2147483647;
			files = (
			);
			inputPaths = (
			);
			name = "[CP] Copy Pods Resources";
			outputPaths = (
			);
			runOnlyForDeploymentPostprocessing = 0;
			shellPath = /bin/sh;
			shellScript = "\"${SRCROOT}/Pods/Target Support Files/Pods-SYSUJwxt/Pods-SYSUJwxt-resources.sh\"\n";
			showEnvVarsInLog = 0;
		};
		B720A9AF5BBD3D476EEED06E /* [CP] Embed Pods Frameworks */ = {
			isa = PBXShellScriptBuildPhase;
			buildActionMask = 2147483647;
			files = (
			);
			inputPaths = (
				"${SRCROOT}/Pods/Target Support Files/Pods-SYSUJwxtTests/Pods-SYSUJwxtTests-frameworks.sh",
				"${BUILT_PRODUCTS_DIR}/Kanna/Kanna.framework",
			);
			name = "[CP] Embed Pods Frameworks";
			outputPaths = (
				"${TARGET_BUILD_DIR}/${FRAMEWORKS_FOLDER_PATH}/Kanna.framework",
			);
			runOnlyForDeploymentPostprocessing = 0;
			shellPath = /bin/sh;
			shellScript = "\"${SRCROOT}/Pods/Target Support Files/Pods-SYSUJwxtTests/Pods-SYSUJwxtTests-frameworks.sh\"\n";
			showEnvVarsInLog = 0;
		};
		EA729C835A9AAF4F6DBA3331 /* [CP] Check Pods Manifest.lock */ = {
			isa = PBXShellScriptBuildPhase;
			buildActionMask = 2147483647;
			files = (
			);
			inputPaths = (
				"${PODS_PODFILE_DIR_PATH}/Podfile.lock",
				"${PODS_ROOT}/Manifest.lock",
			);
			name = "[CP] Check Pods Manifest.lock";
			outputPaths = (
				"$(DERIVED_FILE_DIR)/Pods-SYSUJwxtTests-checkManifestLockResult.txt",
			);
			runOnlyForDeploymentPostprocessing = 0;
			shellPath = /bin/sh;
			shellScript = "diff \"${PODS_PODFILE_DIR_PATH}/Podfile.lock\" \"${PODS_ROOT}/Manifest.lock\" > /dev/null\nif [ $? != 0 ] ; then\n    # print error to STDERR\n    echo \"error: The sandbox is not in sync with the Podfile.lock. Run 'pod install' or update your CocoaPods installation.\" >&2\n    exit 1\nfi\n# This output is used by Xcode 'outputs' to avoid re-running this script phase.\necho \"SUCCESS\" > \"${SCRIPT_OUTPUT_FILE_0}\"\n";
			showEnvVarsInLog = 0;
		};
/* End PBXShellScriptBuildPhase section */

/* Begin PBXSourcesBuildPhase section */
		37437E6B1F45731900E60BB6 /* Sources */ = {
			isa = PBXSourcesBuildPhase;
			buildActionMask = 2147483647;
			files = (
				37437E991F45883600E60BB6 /* LoginViewController.swift in Sources */,
				37437E951F45755C00E60BB6 /* JwxtApiClient.swift in Sources */,
				37437E771F45731900E60BB6 /* SecondViewController.swift in Sources */,
				37437E971F457E2B00E60BB6 /* Course.swift in Sources */,
				37437E731F45731900E60BB6 /* AppDelegate.swift in Sources */,
				37437E751F45731900E60BB6 /* FirstViewController.swift in Sources */,
				37437E9B1F46DF5A00E60BB6 /* CourseTableViewCell.swift in Sources */,
			);
			runOnlyForDeploymentPostprocessing = 0;
		};
		37437E811F45731900E60BB6 /* Sources */ = {
			isa = PBXSourcesBuildPhase;
			buildActionMask = 2147483647;
			files = (
				37437E8A1F45731900E60BB6 /* SYSUJwxtTests.swift in Sources */,
			);
			runOnlyForDeploymentPostprocessing = 0;
		};
/* End PBXSourcesBuildPhase section */

/* Begin PBXTargetDependency section */
		37437E871F45731900E60BB6 /* PBXTargetDependency */ = {
			isa = PBXTargetDependency;
			target = 37437E6E1F45731900E60BB6 /* SYSUJwxt */;
			targetProxy = 37437E861F45731900E60BB6 /* PBXContainerItemProxy */;
		};
/* End PBXTargetDependency section */

/* Begin PBXVariantGroup section */
		37437E781F45731900E60BB6 /* Main.storyboard */ = {
			isa = PBXVariantGroup;
			children = (
				37437E791F45731900E60BB6 /* Base */,
			);
			name = Main.storyboard;
			sourceTree = "<group>";
		};
		37437E7D1F45731900E60BB6 /* LaunchScreen.storyboard */ = {
			isa = PBXVariantGroup;
			children = (
				37437E7E1F45731900E60BB6 /* Base */,
			);
			name = LaunchScreen.storyboard;
			sourceTree = "<group>";
		};
/* End PBXVariantGroup section */

/* Begin XCBuildConfiguration section */
		37437E8C1F45731900E60BB6 /* Debug */ = {
			isa = XCBuildConfiguration;
			buildSettings = {
				ALWAYS_SEARCH_USER_PATHS = NO;
				CLANG_ANALYZER_NONNULL = YES;
				CLANG_ANALYZER_NUMBER_OBJECT_CONVERSION = YES_AGGRESSIVE;
				CLANG_CXX_LANGUAGE_STANDARD = "gnu++0x";
				CLANG_CXX_LIBRARY = "libc++";
				CLANG_ENABLE_MODULES = YES;
				CLANG_ENABLE_OBJC_ARC = YES;
				CLANG_WARN_BOOL_CONVERSION = YES;
				CLANG_WARN_CONSTANT_CONVERSION = YES;
				CLANG_WARN_DIRECT_OBJC_ISA_USAGE = YES_ERROR;
				CLANG_WARN_DOCUMENTATION_COMMENTS = YES;
				CLANG_WARN_EMPTY_BODY = YES;
				CLANG_WARN_ENUM_CONVERSION = YES;
				CLANG_WARN_INFINITE_RECURSION = YES;
				CLANG_WARN_INT_CONVERSION = YES;
				CLANG_WARN_OBJC_ROOT_CLASS = YES_ERROR;
				CLANG_WARN_SUSPICIOUS_MOVE = YES;
				CLANG_WARN_UNREACHABLE_CODE = YES;
				CLANG_WARN__DUPLICATE_METHOD_MATCH = YES;
				"CODE_SIGN_IDENTITY[sdk=iphoneos*]" = "iPhone Developer";
				COPY_PHASE_STRIP = NO;
				DEBUG_INFORMATION_FORMAT = dwarf;
				ENABLE_STRICT_OBJC_MSGSEND = YES;
				ENABLE_TESTABILITY = YES;
				GCC_C_LANGUAGE_STANDARD = gnu99;
				GCC_DYNAMIC_NO_PIC = NO;
				GCC_NO_COMMON_BLOCKS = YES;
				GCC_OPTIMIZATION_LEVEL = 0;
				GCC_PREPROCESSOR_DEFINITIONS = (
					"DEBUG=1",
					"$(inherited)",
				);
				GCC_WARN_64_TO_32_BIT_CONVERSION = YES;
				GCC_WARN_ABOUT_RETURN_TYPE = YES_ERROR;
				GCC_WARN_UNDECLARED_SELECTOR = YES;
				GCC_WARN_UNINITIALIZED_AUTOS = YES_AGGRESSIVE;
				GCC_WARN_UNUSED_FUNCTION = YES;
				GCC_WARN_UNUSED_VARIABLE = YES;
				IPHONEOS_DEPLOYMENT_TARGET = 10.3;
				MTL_ENABLE_DEBUG_INFO = YES;
				ONLY_ACTIVE_ARCH = YES;
				SDKROOT = iphoneos;
				SWIFT_ACTIVE_COMPILATION_CONDITIONS = DEBUG;
				SWIFT_OPTIMIZATION_LEVEL = "-Onone";
				TARGETED_DEVICE_FAMILY = "1,2";
			};
			name = Debug;
		};
		37437E8D1F45731900E60BB6 /* Release */ = {
			isa = XCBuildConfiguration;
			buildSettings = {
				ALWAYS_SEARCH_USER_PATHS = NO;
				CLANG_ANALYZER_NONNULL = YES;
				CLANG_ANALYZER_NUMBER_OBJECT_CONVERSION = YES_AGGRESSIVE;
				CLANG_CXX_LANGUAGE_STANDARD = "gnu++0x";
				CLANG_CXX_LIBRARY = "libc++";
				CLANG_ENABLE_MODULES = YES;
				CLANG_ENABLE_OBJC_ARC = YES;
				CLANG_WARN_BOOL_CONVERSION = YES;
				CLANG_WARN_CONSTANT_CONVERSION = YES;
				CLANG_WARN_DIRECT_OBJC_ISA_USAGE = YES_ERROR;
				CLANG_WARN_DOCUMENTATION_COMMENTS = YES;
				CLANG_WARN_EMPTY_BODY = YES;
				CLANG_WARN_ENUM_CONVERSION = YES;
				CLANG_WARN_INFINITE_RECURSION = YES;
				CLANG_WARN_INT_CONVERSION = YES;
				CLANG_WARN_OBJC_ROOT_CLASS = YES_ERROR;
				CLANG_WARN_SUSPICIOUS_MOVE = YES;
				CLANG_WARN_UNREACHABLE_CODE = YES;
				CLANG_WARN__DUPLICATE_METHOD_MATCH = YES;
				"CODE_SIGN_IDENTITY[sdk=iphoneos*]" = "iPhone Developer";
				COPY_PHASE_STRIP = NO;
				DEBUG_INFORMATION_FORMAT = "dwarf-with-dsym";
				ENABLE_NS_ASSERTIONS = NO;
				ENABLE_STRICT_OBJC_MSGSEND = YES;
				GCC_C_LANGUAGE_STANDARD = gnu99;
				GCC_NO_COMMON_BLOCKS = YES;
				GCC_WARN_64_TO_32_BIT_CONVERSION = YES;
				GCC_WARN_ABOUT_RETURN_TYPE = YES_ERROR;
				GCC_WARN_UNDECLARED_SELECTOR = YES;
				GCC_WARN_UNINITIALIZED_AUTOS = YES_AGGRESSIVE;
				GCC_WARN_UNUSED_FUNCTION = YES;
				GCC_WARN_UNUSED_VARIABLE = YES;
				IPHONEOS_DEPLOYMENT_TARGET = 10.3;
				MTL_ENABLE_DEBUG_INFO = NO;
				SDKROOT = iphoneos;
				SWIFT_OPTIMIZATION_LEVEL = "-Owholemodule";
				TARGETED_DEVICE_FAMILY = "1,2";
				VALIDATE_PRODUCT = YES;
			};
			name = Release;
		};
		37437E8F1F45731900E60BB6 /* Debug */ = {
			isa = XCBuildConfiguration;
			baseConfigurationReference = 8899B47F795DBCE47CA5D79E /* Pods-SYSUJwxt.debug.xcconfig */;
			buildSettings = {
				ASSETCATALOG_COMPILER_APPICON_NAME = AppIcon;
				DEVELOPMENT_TEAM = L28682ZS4N;
				INFOPLIST_FILE = SYSUJwxt/Info.plist;
				LD_RUNPATH_SEARCH_PATHS = "$(inherited) @executable_path/Frameworks";
				PRODUCT_BUNDLE_IDENTIFIER = com.bencww.ios.SYSUJwxt;
				PRODUCT_NAME = "$(TARGET_NAME)";
				SWIFT_VERSION = 3.0;
			};
			name = Debug;
		};
		37437E901F45731900E60BB6 /* Release */ = {
			isa = XCBuildConfiguration;
			baseConfigurationReference = 9421CEAFCBA497AC77038348 /* Pods-SYSUJwxt.release.xcconfig */;
			buildSettings = {
				ASSETCATALOG_COMPILER_APPICON_NAME = AppIcon;
				DEVELOPMENT_TEAM = L28682ZS4N;
				INFOPLIST_FILE = SYSUJwxt/Info.plist;
				LD_RUNPATH_SEARCH_PATHS = "$(inherited) @executable_path/Frameworks";
				PRODUCT_BUNDLE_IDENTIFIER = com.bencww.ios.SYSUJwxt;
				PRODUCT_NAME = "$(TARGET_NAME)";
				SWIFT_VERSION = 3.0;
			};
			name = Release;
		};
		37437E921F45731900E60BB6 /* Debug */ = {
			isa = XCBuildConfiguration;
			baseConfigurationReference = BF8F73B1250B95DB0A26E3DC /* Pods-SYSUJwxtTests.debug.xcconfig */;
			buildSettings = {
				ALWAYS_EMBED_SWIFT_STANDARD_LIBRARIES = YES;
				BUNDLE_LOADER = "$(TEST_HOST)";
				DEVELOPMENT_TEAM = L28682ZS4N;
				INFOPLIST_FILE = SYSUJwxtTests/Info.plist;
				LD_RUNPATH_SEARCH_PATHS = "$(inherited) @executable_path/Frameworks @loader_path/Frameworks";
				PRODUCT_BUNDLE_IDENTIFIER = com.bencww.ios.SYSUJwxtTests;
				PRODUCT_NAME = "$(TARGET_NAME)";
				SWIFT_VERSION = 3.0;
				TEST_HOST = "$(BUILT_PRODUCTS_DIR)/SYSUJwxt.app/SYSUJwxt";
			};
			name = Debug;
		};
		37437E931F45731900E60BB6 /* Release */ = {
			isa = XCBuildConfiguration;
			baseConfigurationReference = 839F677C4E17E37A0A9C5CA3 /* Pods-SYSUJwxtTests.release.xcconfig */;
			buildSettings = {
				ALWAYS_EMBED_SWIFT_STANDARD_LIBRARIES = YES;
				BUNDLE_LOADER = "$(TEST_HOST)";
				DEVELOPMENT_TEAM = L28682ZS4N;
				INFOPLIST_FILE = SYSUJwxtTests/Info.plist;
				LD_RUNPATH_SEARCH_PATHS = "$(inherited) @executable_path/Frameworks @loader_path/Frameworks";
				PRODUCT_BUNDLE_IDENTIFIER = com.bencww.ios.SYSUJwxtTests;
				PRODUCT_NAME = "$(TARGET_NAME)";
				SWIFT_VERSION = 3.0;
				TEST_HOST = "$(BUILT_PRODUCTS_DIR)/SYSUJwxt.app/SYSUJwxt";
			};
			name = Release;
		};
/* End XCBuildConfiguration section */

/* Begin XCConfigurationList section */
		37437E6A1F45731900E60BB6 /* Build configuration list for PBXProject "SYSUJwxt" */ = {
			isa = XCConfigurationList;
			buildConfigurations = (
				37437E8C1F45731900E60BB6 /* Debug */,
				37437E8D1F45731900E60BB6 /* Release */,
			);
			defaultConfigurationIsVisible = 0;
			defaultConfigurationName = Release;
		};
		37437E8E1F45731900E60BB6 /* Build configuration list for PBXNativeTarget "SYSUJwxt" */ = {
			isa = XCConfigurationList;
			buildConfigurations = (
				37437E8F1F45731900E60BB6 /* Debug */,
				37437E901F45731900E60BB6 /* Release */,
			);
			defaultConfigurationIsVisible = 0;
			defaultConfigurationName = Release;
		};
		37437E911F45731900E60BB6 /* Build configuration list for PBXNativeTarget "SYSUJwxtTests" */ = {
			isa = XCConfigurationList;
			buildConfigurations = (
				37437E921F45731900E60BB6 /* Debug */,
				37437E931F45731900E60BB6 /* Release */,
			);
			defaultConfigurationIsVisible = 0;
			defaultConfigurationName = Release;
		};
/* End XCConfigurationList section */
	};
	rootObject = 37437E671F45731900E60BB6 /* Project object */;
}
